// !$*UTF8*$!
{
	archiveVersion = 1;
	classes = {
	};
	objectVersion = 51;
	objects = {

/* Begin PBXBuildFile section */
		797BEE3939C73E0DC0AE4C73 /* Pods_HealthyApp.framework in Frameworks */ = {isa = PBXBuildFile; fileRef = D1B3C559AA78A41D63481C5E /* Pods_HealthyApp.framework */; };
		E121BD2323A7806F00B1B916 /* HealtyAppModel.xcdatamodeld in Sources */ = {isa = PBXBuildFile; fileRef = E121BD2123A7806F00B1B916 /* HealtyAppModel.xcdatamodeld */; };
		E121BD2523A7873500B1B916 /* HealthyAppModel.swift in Sources */ = {isa = PBXBuildFile; fileRef = E121BD2423A7873500B1B916 /* HealthyAppModel.swift */; };
		E161D77F2397E30200D5F534 /* FavoritesTableViewController.swift in Sources */ = {isa = PBXBuildFile; fileRef = E161D77E2397E30100D5F534 /* FavoritesTableViewController.swift */; };
		E19238B32392895100EBEC8C /* AppDelegate.swift in Sources */ = {isa = PBXBuildFile; fileRef = E19238B22392895100EBEC8C /* AppDelegate.swift */; };
		E19238B52392895100EBEC8C /* RecipeViewController.swift in Sources */ = {isa = PBXBuildFile; fileRef = E19238B42392895100EBEC8C /* RecipeViewController.swift */; };
		E19238B82392895100EBEC8C /* Main.storyboard in Resources */ = {isa = PBXBuildFile; fileRef = E19238B62392895100EBEC8C /* Main.storyboard */; };
		E19238BA2392895200EBEC8C /* Assets.xcassets in Resources */ = {isa = PBXBuildFile; fileRef = E19238B92392895200EBEC8C /* Assets.xcassets */; };
		E19238BD2392895200EBEC8C /* LaunchScreen.storyboard in Resources */ = {isa = PBXBuildFile; fileRef = E19238BB2392895200EBEC8C /* LaunchScreen.storyboard */; };
		E19238C52392A86100EBEC8C /* RatingControl.swift in Sources */ = {isa = PBXBuildFile; fileRef = E19238C42392A86100EBEC8C /* RatingControl.swift */; };
		E19238C72392B97900EBEC8C /* Recipe.swift in Sources */ = {isa = PBXBuildFile; fileRef = E19238C62392B97900EBEC8C /* Recipe.swift */; };
		E19238C92392BC7A00EBEC8C /* RecipeTableViewCell.swift in Sources */ = {isa = PBXBuildFile; fileRef = E19238C82392BC7A00EBEC8C /* RecipeTableViewCell.swift */; };
		E19238CD2392C34F00EBEC8C /* RecipeTableViewController.swift in Sources */ = {isa = PBXBuildFile; fileRef = E19238CC2392C34F00EBEC8C /* RecipeTableViewController.swift */; };
		E195FE0123AA5A390044307F /* GoogleService-Info.plist in Resources */ = {isa = PBXBuildFile; fileRef = E195FE0023AA5A390044307F /* GoogleService-Info.plist */; };
		E1B8E4002396866800492F7B /* UIView+Shadow.swift in Sources */ = {isa = PBXBuildFile; fileRef = E1B8E3FF2396866800492F7B /* UIView+Shadow.swift */; };
		E1CC02662396C574005B80EA /* UITextView+Placeholder.swift in Sources */ = {isa = PBXBuildFile; fileRef = E1CC02642396C3F4005B80EA /* UITextView+Placeholder.swift */; };
		E1E34F9A23952CAF00C27865 /* CAGradientLayer+Custom.swift in Sources */ = {isa = PBXBuildFile; fileRef = E1E34F9923952CAF00C27865 /* CAGradientLayer+Custom.swift */; };
/* End PBXBuildFile section */

/* Begin PBXFileReference section */
		0E38B43B7EF9A97FDC352CFF /* Pods-HealthyApp.release.xcconfig */ = {isa = PBXFileReference; includeInIndex = 1; lastKnownFileType = text.xcconfig; name = "Pods-HealthyApp.release.xcconfig"; path = "Target Support Files/Pods-HealthyApp/Pods-HealthyApp.release.xcconfig"; sourceTree = "<group>"; };
		D1B3C559AA78A41D63481C5E /* Pods_HealthyApp.framework */ = {isa = PBXFileReference; explicitFileType = wrapper.framework; includeInIndex = 0; path = Pods_HealthyApp.framework; sourceTree = BUILT_PRODUCTS_DIR; };
		DE288D4CF5F56AC7DA7C3EDD /* Pods-HealthyApp.debug.xcconfig */ = {isa = PBXFileReference; includeInIndex = 1; lastKnownFileType = text.xcconfig; name = "Pods-HealthyApp.debug.xcconfig"; path = "Target Support Files/Pods-HealthyApp/Pods-HealthyApp.debug.xcconfig"; sourceTree = "<group>"; };
		E121BD2223A7806F00B1B916 /* HealtyAppModel.xcdatamodel */ = {isa = PBXFileReference; lastKnownFileType = wrapper.xcdatamodel; path = HealtyAppModel.xcdatamodel; sourceTree = "<group>"; };
		E121BD2423A7873500B1B916 /* HealthyAppModel.swift */ = {isa = PBXFileReference; lastKnownFileType = sourcecode.swift; path = HealthyAppModel.swift; sourceTree = "<group>"; };
		E161D77E2397E30100D5F534 /* FavoritesTableViewController.swift */ = {isa = PBXFileReference; lastKnownFileType = sourcecode.swift; path = FavoritesTableViewController.swift; sourceTree = "<group>"; };
		E19238AF2392895100EBEC8C /* HealthyApp.app */ = {isa = PBXFileReference; explicitFileType = wrapper.application; includeInIndex = 0; path = HealthyApp.app; sourceTree = BUILT_PRODUCTS_DIR; };
		E19238B22392895100EBEC8C /* AppDelegate.swift */ = {isa = PBXFileReference; lastKnownFileType = sourcecode.swift; path = AppDelegate.swift; sourceTree = "<group>"; };
		E19238B42392895100EBEC8C /* RecipeViewController.swift */ = {isa = PBXFileReference; lastKnownFileType = sourcecode.swift; path = RecipeViewController.swift; sourceTree = "<group>"; };
		E19238B72392895100EBEC8C /* Base */ = {isa = PBXFileReference; lastKnownFileType = file.storyboard; name = Base; path = Base.lproj/Main.storyboard; sourceTree = "<group>"; };
		E19238B92392895200EBEC8C /* Assets.xcassets */ = {isa = PBXFileReference; lastKnownFileType = folder.assetcatalog; path = Assets.xcassets; sourceTree = "<group>"; };
		E19238BC2392895200EBEC8C /* Base */ = {isa = PBXFileReference; lastKnownFileType = file.storyboard; name = Base; path = Base.lproj/LaunchScreen.storyboard; sourceTree = "<group>"; };
		E19238BE2392895200EBEC8C /* Info.plist */ = {isa = PBXFileReference; lastKnownFileType = text.plist.xml; path = Info.plist; sourceTree = "<group>"; };
		E19238C42392A86100EBEC8C /* RatingControl.swift */ = {isa = PBXFileReference; lastKnownFileType = sourcecode.swift; path = RatingControl.swift; sourceTree = "<group>"; };
		E19238C62392B97900EBEC8C /* Recipe.swift */ = {isa = PBXFileReference; lastKnownFileType = sourcecode.swift; path = Recipe.swift; sourceTree = "<group>"; };
		E19238C82392BC7A00EBEC8C /* RecipeTableViewCell.swift */ = {isa = PBXFileReference; lastKnownFileType = sourcecode.swift; path = RecipeTableViewCell.swift; sourceTree = "<group>"; };
		E19238CC2392C34F00EBEC8C /* RecipeTableViewController.swift */ = {isa = PBXFileReference; lastKnownFileType = sourcecode.swift; path = RecipeTableViewController.swift; sourceTree = "<group>"; };
		E195FE0023AA5A390044307F /* GoogleService-Info.plist */ = {isa = PBXFileReference; fileEncoding = 4; lastKnownFileType = text.plist.xml; name = "GoogleService-Info.plist"; path = "../../../Downloads/GoogleService-Info.plist"; sourceTree = "<group>"; };
		E1B8E3FF2396866800492F7B /* UIView+Shadow.swift */ = {isa = PBXFileReference; lastKnownFileType = sourcecode.swift; path = "UIView+Shadow.swift"; sourceTree = "<group>"; };
		E1CC02642396C3F4005B80EA /* UITextView+Placeholder.swift */ = {isa = PBXFileReference; lastKnownFileType = sourcecode.swift; path = "UITextView+Placeholder.swift"; sourceTree = "<group>"; };
		E1E34F9923952CAF00C27865 /* CAGradientLayer+Custom.swift */ = {isa = PBXFileReference; lastKnownFileType = sourcecode.swift; path = "CAGradientLayer+Custom.swift"; sourceTree = "<group>"; };
/* End PBXFileReference section */

/* Begin PBXFrameworksBuildPhase section */
		E19238AC2392895100EBEC8C /* Frameworks */ = {
			isa = PBXFrameworksBuildPhase;
			buildActionMask = 2147483647;
			files = (
				797BEE3939C73E0DC0AE4C73 /* Pods_HealthyApp.framework in Frameworks */,
			);
			runOnlyForDeploymentPostprocessing = 0;
		};
/* End PBXFrameworksBuildPhase section */

/* Begin PBXGroup section */
		859ECEC88CAD07FCF584EB75 /* Pods */ = {
			isa = PBXGroup;
			children = (
				DE288D4CF5F56AC7DA7C3EDD /* Pods-HealthyApp.debug.xcconfig */,
				0E38B43B7EF9A97FDC352CFF /* Pods-HealthyApp.release.xcconfig */,
			);
			path = Pods;
			sourceTree = "<group>";
		};
		E19238A62392895100EBEC8C = {
			isa = PBXGroup;
			children = (
				E19238B12392895100EBEC8C /* HealthyApp */,
				E19238B02392895100EBEC8C /* Products */,
				859ECEC88CAD07FCF584EB75 /* Pods */,
				F7A881B34B295C013D76E7C5 /* Frameworks */,
			);
			sourceTree = "<group>";
		};
		E19238B02392895100EBEC8C /* Products */ = {
			isa = PBXGroup;
			children = (
				E19238AF2392895100EBEC8C /* HealthyApp.app */,
			);
			name = Products;
			sourceTree = "<group>";
		};
		E19238B12392895100EBEC8C /* HealthyApp */ = {
			isa = PBXGroup;
			children = (
				E19238B22392895100EBEC8C /* AppDelegate.swift */,
				E121BD2423A7873500B1B916 /* HealthyAppModel.swift */,
				E19238B42392895100EBEC8C /* RecipeViewController.swift */,
				E19238CC2392C34F00EBEC8C /* RecipeTableViewController.swift */,
				E161D77E2397E30100D5F534 /* FavoritesTableViewController.swift */,
				E19238C82392BC7A00EBEC8C /* RecipeTableViewCell.swift */,
				E19238C62392B97900EBEC8C /* Recipe.swift */,
				E19238C42392A86100EBEC8C /* RatingControl.swift */,
				E19238B62392895100EBEC8C /* Main.storyboard */,
				E19238B92392895200EBEC8C /* Assets.xcassets */,
				E121BD2123A7806F00B1B916 /* HealtyAppModel.xcdatamodeld */,
				E1B8E3FE2396863400492F7B /* Extentions */,
				E19238BB2392895200EBEC8C /* LaunchScreen.storyboard */,
				E195FE0023AA5A390044307F /* GoogleService-Info.plist */,
				E19238BE2392895200EBEC8C /* Info.plist */,
			);
			path = HealthyApp;
			sourceTree = "<group>";
		};
		E1B8E3FE2396863400492F7B /* Extentions */ = {
			isa = PBXGroup;
			children = (
				E1E34F9923952CAF00C27865 /* CAGradientLayer+Custom.swift */,
				E1CC02642396C3F4005B80EA /* UITextView+Placeholder.swift */,
				E1B8E3FF2396866800492F7B /* UIView+Shadow.swift */,
			);
			path = Extentions;
			sourceTree = "<group>";
		};
		F7A881B34B295C013D76E7C5 /* Frameworks */ = {
			isa = PBXGroup;
			children = (
				D1B3C559AA78A41D63481C5E /* Pods_HealthyApp.framework */,
			);
			name = Frameworks;
			sourceTree = "<group>";
		};
/* End PBXGroup section */

/* Begin PBXNativeTarget section */
		E19238AE2392895100EBEC8C /* HealthyApp */ = {
			isa = PBXNativeTarget;
			buildConfigurationList = E19238C12392895200EBEC8C /* Build configuration list for PBXNativeTarget "HealthyApp" */;
			buildPhases = (
				888E59BC1DD9660C651039EC /* [CP] Check Pods Manifest.lock */,
				E19238AB2392895100EBEC8C /* Sources */,
				E19238AC2392895100EBEC8C /* Frameworks */,
				E19238AD2392895100EBEC8C /* Resources */,
				FBB3D98628C32A8D6461F333 /* [CP] Embed Pods Frameworks */,
			);
			buildRules = (
			);
			dependencies = (
			);
			name = HealthyApp;
			productName = HealthyApp;
			productReference = E19238AF2392895100EBEC8C /* HealthyApp.app */;
			productType = "com.apple.product-type.application";
		};
/* End PBXNativeTarget section */

/* Begin PBXProject section */
		E19238A72392895100EBEC8C /* Project object */ = {
			isa = PBXProject;
			attributes = {
				LastSwiftUpdateCheck = 1020;
				LastUpgradeCheck = 1020;
				ORGANIZATIONNAME = "Aryna Rudzevich";
				TargetAttributes = {
					E19238AE2392895100EBEC8C = {
						CreatedOnToolsVersion = 10.2.1;
					};
				};
			};
			buildConfigurationList = E19238AA2392895100EBEC8C /* Build configuration list for PBXProject "HealthyApp" */;
			compatibilityVersion = "Xcode 9.3";
			developmentRegion = en;
			hasScannedForEncodings = 0;
			knownRegions = (
				en,
				Base,
			);
			mainGroup = E19238A62392895100EBEC8C;
			productRefGroup = E19238B02392895100EBEC8C /* Products */;
			projectDirPath = "";
			projectRoot = "";
			targets = (
				E19238AE2392895100EBEC8C /* HealthyApp */,
			);
		};
/* End PBXProject section */

/* Begin PBXResourcesBuildPhase section */
		E19238AD2392895100EBEC8C /* Resources */ = {
			isa = PBXResourcesBuildPhase;
			buildActionMask = 2147483647;
			files = (
				E19238BD2392895200EBEC8C /* LaunchScreen.storyboard in Resources */,
				E195FE0123AA5A390044307F /* GoogleService-Info.plist in Resources */,
				E19238BA2392895200EBEC8C /* Assets.xcassets in Resources */,
				E19238B82392895100EBEC8C /* Main.storyboard in Resources */,
			);
			runOnlyForDeploymentPostprocessing = 0;
		};
/* End PBXResourcesBuildPhase section */

/* Begin PBXShellScriptBuildPhase section */
		888E59BC1DD9660C651039EC /* [CP] Check Pods Manifest.lock */ = {
			isa = PBXShellScriptBuildPhase;
			buildActionMask = 2147483647;
			files = (
			);
			inputFileListPaths = (
			);
			inputPaths = (
				"${PODS_PODFILE_DIR_PATH}/Podfile.lock",
				"${PODS_ROOT}/Manifest.lock",
			);
			name = "[CP] Check Pods Manifest.lock";
			outputFileListPaths = (
			);
			outputPaths = (
				"$(DERIVED_FILE_DIR)/Pods-HealthyApp-checkManifestLockResult.txt",
			);
			runOnlyForDeploymentPostprocessing = 0;
			shellPath = /bin/sh;
			shellScript = "diff \"${PODS_PODFILE_DIR_PATH}/Podfile.lock\" \"${PODS_ROOT}/Manifest.lock\" > /dev/null\nif [ $? != 0 ] ; then\n    # print error to STDERR\n    echo \"error: The sandbox is not in sync with the Podfile.lock. Run 'pod install' or update your CocoaPods installation.\" >&2\n    exit 1\nfi\n# This output is used by Xcode 'outputs' to avoid re-running this script phase.\necho \"SUCCESS\" > \"${SCRIPT_OUTPUT_FILE_0}\"\n";
			showEnvVarsInLog = 0;
		};
		FBB3D98628C32A8D6461F333 /* [CP] Embed Pods Frameworks */ = {
			isa = PBXShellScriptBuildPhase;
			buildActionMask = 2147483647;
			files = (
			);
			inputFileListPaths = (
				"${PODS_ROOT}/Target Support Files/Pods-HealthyApp/Pods-HealthyApp-frameworks-${CONFIGURATION}-input-files.xcfilelist",
			);
			name = "[CP] Embed Pods Frameworks";
			outputFileListPaths = (
				"${PODS_ROOT}/Target Support Files/Pods-HealthyApp/Pods-HealthyApp-frameworks-${CONFIGURATION}-output-files.xcfilelist",
			);
			runOnlyForDeploymentPostprocessing = 0;
			shellPath = /bin/sh;
			shellScript = "\"${PODS_ROOT}/Target Support Files/Pods-HealthyApp/Pods-HealthyApp-frameworks.sh\"\n";
			showEnvVarsInLog = 0;
		};
/* End PBXShellScriptBuildPhase section */

/* Begin PBXSourcesBuildPhase section */
		E19238AB2392895100EBEC8C /* Sources */ = {
			isa = PBXSourcesBuildPhase;
			buildActionMask = 2147483647;
			files = (
				E1B8E4002396866800492F7B /* UIView+Shadow.swift in Sources */,
				E19238B52392895100EBEC8C /* RecipeViewController.swift in Sources */,
				E19238C92392BC7A00EBEC8C /* RecipeTableViewCell.swift in Sources */,
				E161D77F2397E30200D5F534 /* FavoritesTableViewController.swift in Sources */,
				E19238C52392A86100EBEC8C /* RatingControl.swift in Sources */,
				E1E34F9A23952CAF00C27865 /* CAGradientLayer+Custom.swift in Sources */,
				E19238CD2392C34F00EBEC8C /* RecipeTableViewController.swift in Sources */,
				E19238B32392895100EBEC8C /* AppDelegate.swift in Sources */,
				E19238C72392B97900EBEC8C /* Recipe.swift in Sources */,
				E121BD2523A7873500B1B916 /* HealthyAppModel.swift in Sources */,
				E121BD2323A7806F00B1B916 /* HealtyAppModel.xcdatamodeld in Sources */,
				E1CC02662396C574005B80EA /* UITextView+Placeholder.swift in Sources */,
			);
			runOnlyForDeploymentPostprocessing = 0;
		};
/* End PBXSourcesBuildPhase section */

/* Begin PBXVariantGroup section */
		E19238B62392895100EBEC8C /* Main.storyboard */ = {
			isa = PBXVariantGroup;
			children = (
				E19238B72392895100EBEC8C /* Base */,
			);
			name = Main.storyboard;
			sourceTree = "<group>";
		};
		E19238BB2392895200EBEC8C /* LaunchScreen.storyboard */ = {
			isa = PBXVariantGroup;
			children = (
				E19238BC2392895200EBEC8C /* Base */,
			);
			name = LaunchScreen.storyboard;
			sourceTree = "<group>";
		};
/* End PBXVariantGroup section */

/* Begin XCBuildConfiguration section */
		E19238BF2392895200EBEC8C /* Debug */ = {
			isa = XCBuildConfiguration;
			buildSettings = {
				ALWAYS_SEARCH_USER_PATHS = NO;
				CLANG_ANALYZER_NONNULL = YES;
				CLANG_ANALYZER_NUMBER_OBJECT_CONVERSION = YES_AGGRESSIVE;
				CLANG_CXX_LANGUAGE_STANDARD = "gnu++14";
				CLANG_CXX_LIBRARY = "libc++";
				CLANG_ENABLE_MODULES = YES;
				CLANG_ENABLE_OBJC_ARC = YES;
				CLANG_ENABLE_OBJC_WEAK = YES;
				CLANG_WARN_BLOCK_CAPTURE_AUTORELEASING = YES;
				CLANG_WARN_BOOL_CONVERSION = YES;
				CLANG_WARN_COMMA = YES;
				CLANG_WARN_CONSTANT_CONVERSION = YES;
				CLANG_WARN_DEPRECATED_OBJC_IMPLEMENTATIONS = YES;
				CLANG_WARN_DIRECT_OBJC_ISA_USAGE = YES_ERROR;
				CLANG_WARN_DOCUMENTATION_COMMENTS = YES;
				CLANG_WARN_EMPTY_BODY = YES;
				CLANG_WARN_ENUM_CONVERSION = YES;
				CLANG_WARN_INFINITE_RECURSION = YES;
				CLANG_WARN_INT_CONVERSION = YES;
				CLANG_WARN_NON_LITERAL_NULL_CONVERSION = YES;
				CLANG_WARN_OBJC_IMPLICIT_RETAIN_SELF = YES;
				CLANG_WARN_OBJC_LITERAL_CONVERSION = YES;
				CLANG_WARN_OBJC_ROOT_CLASS = YES_ERROR;
				CLANG_WARN_RANGE_LOOP_ANALYSIS = YES;
				CLANG_WARN_STRICT_PROTOTYPES = YES;
				CLANG_WARN_SUSPICIOUS_MOVE = YES;
				CLANG_WARN_UNGUARDED_AVAILABILITY = YES_AGGRESSIVE;
				CLANG_WARN_UNREACHABLE_CODE = YES;
				CLANG_WARN__DUPLICATE_METHOD_MATCH = YES;
				CODE_SIGN_IDENTITY = "iPhone Developer";
				COPY_PHASE_STRIP = NO;
				DEBUG_INFORMATION_FORMAT = dwarf;
				ENABLE_STRICT_OBJC_MSGSEND = YES;
				ENABLE_TESTABILITY = YES;
				GCC_C_LANGUAGE_STANDARD = gnu11;
				GCC_DYNAMIC_NO_PIC = NO;
				GCC_NO_COMMON_BLOCKS = YES;
				GCC_OPTIMIZATION_LEVEL = 0;
				GCC_PREPROCESSOR_DEFINITIONS = (
					"DEBUG=1",
					"$(inherited)",
				);
				GCC_WARN_64_TO_32_BIT_CONVERSION = YES;
				GCC_WARN_ABOUT_RETURN_TYPE = YES_ERROR;
				GCC_WARN_UNDECLARED_SELECTOR = YES;
				GCC_WARN_UNINITIALIZED_AUTOS = YES_AGGRESSIVE;
				GCC_WARN_UNUSED_FUNCTION = YES;
				GCC_WARN_UNUSED_VARIABLE = YES;
				IPHONEOS_DEPLOYMENT_TARGET = 12.2;
				MTL_ENABLE_DEBUG_INFO = INCLUDE_SOURCE;
				MTL_FAST_MATH = YES;
				ONLY_ACTIVE_ARCH = YES;
				SDKROOT = iphoneos;
				SWIFT_ACTIVE_COMPILATION_CONDITIONS = DEBUG;
				SWIFT_OPTIMIZATION_LEVEL = "-Onone";
			};
			name = Debug;
		};
		E19238C02392895200EBEC8C /* Release */ = {
			isa = XCBuildConfiguration;
			buildSettings = {
				ALWAYS_SEARCH_USER_PATHS = NO;
				CLANG_ANALYZER_NONNULL = YES;
				CLANG_ANALYZER_NUMBER_OBJECT_CONVERSION = YES_AGGRESSIVE;
				CLANG_CXX_LANGUAGE_STANDARD = "gnu++14";
				CLANG_CXX_LIBRARY = "libc++";
				CLANG_ENABLE_MODULES = YES;
				CLANG_ENABLE_OBJC_ARC = YES;
				CLANG_ENABLE_OBJC_WEAK = YES;
				CLANG_WARN_BLOCK_CAPTURE_AUTORELEASING = YES;
				CLANG_WARN_BOOL_CONVERSION = YES;
				CLANG_WARN_COMMA = YES;
				CLANG_WARN_CONSTANT_CONVERSION = YES;
				CLANG_WARN_DEPRECATED_OBJC_IMPLEMENTATIONS = YES;
				CLANG_WARN_DIRECT_OBJC_ISA_USAGE = YES_ERROR;
				CLANG_WARN_DOCUMENTATION_COMMENTS = YES;
				CLANG_WARN_EMPTY_BODY = YES;
				CLANG_WARN_ENUM_CONVERSION = YES;
				CLANG_WARN_INFINITE_RECURSION = YES;
				CLANG_WARN_INT_CONVERSION = YES;
				CLANG_WARN_NON_LITERAL_NULL_CONVERSION = YES;
				CLANG_WARN_OBJC_IMPLICIT_RETAIN_SELF = YES;
				CLANG_WARN_OBJC_LITERAL_CONVERSION = YES;
				CLANG_WARN_OBJC_ROOT_CLASS = YES_ERROR;
				CLANG_WARN_RANGE_LOOP_ANALYSIS = YES;
				CLANG_WARN_STRICT_PROTOTYPES = YES;
				CLANG_WARN_SUSPICIOUS_MOVE = YES;
				CLANG_WARN_UNGUARDED_AVAILABILITY = YES_AGGRESSIVE;
				CLANG_WARN_UNREACHABLE_CODE = YES;
				CLANG_WARN__DUPLICATE_METHOD_MATCH = YES;
				CODE_SIGN_IDENTITY = "iPhone Developer";
				COPY_PHASE_STRIP = NO;
				DEBUG_INFORMATION_FORMAT = "dwarf-with-dsym";
				ENABLE_NS_ASSERTIONS = NO;
				ENABLE_STRICT_OBJC_MSGSEND = YES;
				GCC_C_LANGUAGE_STANDARD = gnu11;
				GCC_NO_COMMON_BLOCKS = YES;
				GCC_WARN_64_TO_32_BIT_CONVERSION = YES;
				GCC_WARN_ABOUT_RETURN_TYPE = YES_ERROR;
				GCC_WARN_UNDECLARED_SELECTOR = YES;
				GCC_WARN_UNINITIALIZED_AUTOS = YES_AGGRESSIVE;
				GCC_WARN_UNUSED_FUNCTION = YES;
				GCC_WARN_UNUSED_VARIABLE = YES;
				IPHONEOS_DEPLOYMENT_TARGET = 12.2;
				MTL_ENABLE_DEBUG_INFO = NO;
				MTL_FAST_MATH = YES;
				SDKROOT = iphoneos;
				SWIFT_COMPILATION_MODE = wholemodule;
				SWIFT_OPTIMIZATION_LEVEL = "-O";
				VALIDATE_PRODUCT = YES;
			};
			name = Release;
		};
		E19238C22392895200EBEC8C /* Debug */ = {
			isa = XCBuildConfiguration;
			baseConfigurationReference = DE288D4CF5F56AC7DA7C3EDD /* Pods-HealthyApp.debug.xcconfig */;
			buildSettings = {
				ASSETCATALOG_COMPILER_APPICON_NAME = AppIcon;
				CODE_SIGN_STYLE = Automatic;
				INFOPLIST_FILE = HealthyApp/Info.plist;
				LD_RUNPATH_SEARCH_PATHS = (
					"$(inherited)",
					"@executable_path/Frameworks",
				);
				PRODUCT_BUNDLE_IDENTIFIER = arinarudevich.HealthyApp;
				PRODUCT_NAME = "$(TARGET_NAME)";
				SWIFT_VERSION = 5.0;
				TARGETED_DEVICE_FAMILY = "1,2";
			};
			name = Debug;
		};
		E19238C32392895200EBEC8C /* Release */ = {
			isa = XCBuildConfiguration;
			baseConfigurationReference = 0E38B43B7EF9A97FDC352CFF /* Pods-HealthyApp.release.xcconfig */;
			buildSettings = {
				ASSETCATALOG_COMPILER_APPICON_NAME = AppIcon;
				CODE_SIGN_STYLE = Automatic;
				INFOPLIST_FILE = HealthyApp/Info.plist;
				LD_RUNPATH_SEARCH_PATHS = (
					"$(inherited)",
					"@executable_path/Frameworks",
				);
				PRODUCT_BUNDLE_IDENTIFIER = arinarudevich.HealthyApp;
				PRODUCT_NAME = "$(TARGET_NAME)";
				SWIFT_VERSION = 5.0;
				TARGETED_DEVICE_FAMILY = "1,2";
			};
			name = Release;
		};
/* End XCBuildConfiguration section */

/* Begin XCConfigurationList section */
		E19238AA2392895100EBEC8C /* Build configuration list for PBXProject "HealthyApp" */ = {
			isa = XCConfigurationList;
			buildConfigurations = (
				E19238BF2392895200EBEC8C /* Debug */,
				E19238C02392895200EBEC8C /* Release */,
			);
			defaultConfigurationIsVisible = 0;
			defaultConfigurationName = Release;
		};
		E19238C12392895200EBEC8C /* Build configuration list for PBXNativeTarget "HealthyApp" */ = {
			isa = XCConfigurationList;
			buildConfigurations = (
				E19238C22392895200EBEC8C /* Debug */,
				E19238C32392895200EBEC8C /* Release */,
			);
			defaultConfigurationIsVisible = 0;
			defaultConfigurationName = Release;
		};
/* End XCConfigurationList section */

/* Begin XCVersionGroup section */
		E121BD2123A7806F00B1B916 /* HealtyAppModel.xcdatamodeld */ = {
			isa = XCVersionGroup;
			children = (
				E121BD2223A7806F00B1B916 /* HealtyAppModel.xcdatamodel */,
			);
			currentVersion = E121BD2223A7806F00B1B916 /* HealtyAppModel.xcdatamodel */;
			path = HealtyAppModel.xcdatamodeld;
			sourceTree = "<group>";
			versionGroupType = wrapper.xcdatamodel;
		};
/* End XCVersionGroup section */
	};
	rootObject = E19238A72392895100EBEC8C /* Project object */;
}
